{
  "name": "advent_of_code",
  "version": "1.0.0",
  "lockfileVersion": 2,
  "requires": true,
  "packages": {
    "": {
      "name": "advent_of_code",
      "version": "1.0.0",
      "license": "ISC",
      "dependencies": {
        "simple-text-parser": "^2.1.1"
      }
    },
    "node_modules/simple-text-parser": {
      "version": "2.1.1",
      "resolved": "https://registry.npmjs.org/simple-text-parser/-/simple-text-parser-2.1.1.tgz",
      "integrity": "sha512-vxq8P4gPpoDR2oz9iFjLS3e/XZPuN+thOiJvbDXQWoBS3DXOYcfTJpmGO0pJke1YjeQeibBvQZ2nAr0gUEI3AQ=="
    }
  },
  "dependencies": {
    "simple-text-parser": {
      "version": "2.1.1",
      "resolved": "https://registry.npmjs.org/simple-text-parser/-/simple-text-parser-2.1.1.tgz",
      "integrity": "sha512-vxq8P4gPpoDR2oz9iFjLS3e/XZPuN+thOiJvbDXQWoBS3DXOYcfTJpmGO0pJke1YjeQeibBvQZ2nAr0gUEI3AQ=="
    }
  }
}
